// !$*UTF8*$!
{
	archiveVersion = 1;
	classes = {
	};
	objectVersion = 56;
	objects = {

/* Begin PBXBuildFile section */
		30D181F1D49800FC756B82A0 /* Pods_MovieApplication.framework in Frameworks */ = {isa = PBXBuildFile; fileRef = 228FC386F9FF2879F8B62E80 /* Pods_MovieApplication.framework */; };
		4024FD372A4DC84B0076559C /* swiftgen.yml in Resources */ = {isa = PBXBuildFile; fileRef = 4024FD362A4DC84B0076559C /* swiftgen.yml */; };
		4024FD3D2A4DCB5D0076559C /* ColorAssets.xcassets in Resources */ = {isa = PBXBuildFile; fileRef = 4024FD3C2A4DCB5C0076559C /* ColorAssets.xcassets */; };
		4024FD3F2A4DCB6D0076559C /* ImageAssets.xcassets in Resources */ = {isa = PBXBuildFile; fileRef = 4024FD3E2A4DCB6D0076559C /* ImageAssets.xcassets */; };
		4024FD412A4DCBA90076559C /* Localizable.strings in Resources */ = {isa = PBXBuildFile; fileRef = 4024FD402A4DCBA90076559C /* Localizable.strings */; };
		4024FD472A4DD0140076559C /* Strings.swift in Sources */ = {isa = PBXBuildFile; fileRef = 4024FD462A4DD0140076559C /* Strings.swift */; };
		4033609E2A4ECEA50027D509 /* WatchableItem.swift in Sources */ = {isa = PBXBuildFile; fileRef = 4033609D2A4ECEA50027D509 /* WatchableItem.swift */; };
		403360A02A4EE7860027D509 /* Fonts.swift in Sources */ = {isa = PBXBuildFile; fileRef = 4033609F2A4EE7860027D509 /* Fonts.swift */; };
		403360A22A4EE78F0027D509 /* Assets.swift in Sources */ = {isa = PBXBuildFile; fileRef = 403360A12A4EE78F0027D509 /* Assets.swift */; };
		403360A52A4EE91E0027D509 /* ImageHandler.swift in Sources */ = {isa = PBXBuildFile; fileRef = 403360A42A4EE91E0027D509 /* ImageHandler.swift */; };
		403360A72A4EED610027D509 /* ImageHandlerFailedPlaceholder.swift in Sources */ = {isa = PBXBuildFile; fileRef = 403360A62A4EED610027D509 /* ImageHandlerFailedPlaceholder.swift */; };
		403360AC2A4EFCFC0027D509 /* Text+Extensions.swift in Sources */ = {isa = PBXBuildFile; fileRef = 403360AB2A4EFCFC0027D509 /* Text+Extensions.swift */; };
		403360BC2A4F01270027D509 /* Poppins-SemiBold.ttf in Resources */ = {isa = PBXBuildFile; fileRef = 403360B72A4F01270027D509 /* Poppins-SemiBold.ttf */; };
		403360BD2A4F01270027D509 /* Poppins-Bold.ttf in Resources */ = {isa = PBXBuildFile; fileRef = 403360B82A4F01270027D509 /* Poppins-Bold.ttf */; };
		403360BE2A4F01270027D509 /* Poppins-Regular.ttf in Resources */ = {isa = PBXBuildFile; fileRef = 403360B92A4F01270027D509 /* Poppins-Regular.ttf */; };
		403360BF2A4F01270027D509 /* Poppins-Light.ttf in Resources */ = {isa = PBXBuildFile; fileRef = 403360BA2A4F01270027D509 /* Poppins-Light.ttf */; };
		403360C02A4F01270027D509 /* Poppins-Medium.ttf in Resources */ = {isa = PBXBuildFile; fileRef = 403360BB2A4F01270027D509 /* Poppins-Medium.ttf */; };
		403360C32A4F04680027D509 /* RatingView.swift in Sources */ = {isa = PBXBuildFile; fileRef = 403360C22A4F04680027D509 /* RatingView.swift */; };
		403360C52A4F04EB0027D509 /* View+Extensions.swift in Sources */ = {isa = PBXBuildFile; fileRef = 403360C42A4F04EB0027D509 /* View+Extensions.swift */; };
		403360C72A4F0A6D0027D509 /* Int+Extensions.swift in Sources */ = {isa = PBXBuildFile; fileRef = 403360C62A4F0A6D0027D509 /* Int+Extensions.swift */; };
		403360CB2A4F0D660027D509 /* WatchableDetailsScreen.swift in Sources */ = {isa = PBXBuildFile; fileRef = 403360CA2A4F0D660027D509 /* WatchableDetailsScreen.swift */; };
		403360CD2A4F23C60027D509 /* GetSeriesResponse.swift in Sources */ = {isa = PBXBuildFile; fileRef = 403360CC2A4F23C60027D509 /* GetSeriesResponse.swift */; };
		403360CF2A4F26B80027D509 /* SeriesService.swift in Sources */ = {isa = PBXBuildFile; fileRef = 403360CE2A4F26B80027D509 /* SeriesService.swift */; };
		403360D92A4F36200027D509 /* WatchableType.swift in Sources */ = {isa = PBXBuildFile; fileRef = 403360D82A4F36200027D509 /* WatchableType.swift */; };
		40545EFD2A4EB85600B74E15 /* Env.swift in Sources */ = {isa = PBXBuildFile; fileRef = 40545EFC2A4EB85600B74E15 /* Env.swift */; };
		40545F022A4EC0D200B74E15 /* .env.dev in Resources */ = {isa = PBXBuildFile; fileRef = 40545F012A4EC0D200B74E15 /* .env.dev */; };
		407159D32A4E06E900695F27 /* Watchable.swift in Sources */ = {isa = PBXBuildFile; fileRef = 407159D22A4E06E900695F27 /* Watchable.swift */; };
		40BA28722A4DB99E0084103F /* MovieApplicationApp.swift in Sources */ = {isa = PBXBuildFile; fileRef = 40BA28712A4DB99E0084103F /* MovieApplicationApp.swift */; };
		40BA28742A4DB99E0084103F /* ContentView.swift in Sources */ = {isa = PBXBuildFile; fileRef = 40BA28732A4DB99E0084103F /* ContentView.swift */; };
		40BA28762A4DB9A00084103F /* Assets.xcassets in Resources */ = {isa = PBXBuildFile; fileRef = 40BA28752A4DB9A00084103F /* Assets.xcassets */; };
		40BA28792A4DB9A00084103F /* Preview Assets.xcassets in Resources */ = {isa = PBXBuildFile; fileRef = 40BA28782A4DB9A00084103F /* Preview Assets.xcassets */; };
		40CB0A0D2A4E0F1000C54126 /* GetMovieResponse.swift in Sources */ = {isa = PBXBuildFile; fileRef = 40CB0A0C2A4E0F1000C54126 /* GetMovieResponse.swift */; };
		40CB0A112A4E10F900C54126 /* DateTimeManager.swift in Sources */ = {isa = PBXBuildFile; fileRef = 40CB0A102A4E10F900C54126 /* DateTimeManager.swift */; };
		40CB0A132A4E12F200C54126 /* MovieService.swift in Sources */ = {isa = PBXBuildFile; fileRef = 40CB0A122A4E12F200C54126 /* MovieService.swift */; };
		40CB0A162A4E149F00C54126 /* BaseTargetType.swift in Sources */ = {isa = PBXBuildFile; fileRef = 40CB0A152A4E149F00C54126 /* BaseTargetType.swift */; };
		40CB0A192A4E19F200C54126 /* WatchableListScreen.swift in Sources */ = {isa = PBXBuildFile; fileRef = 40CB0A182A4E19F200C54126 /* WatchableListScreen.swift */; };
		40CB0A1B2A4E1AE100C54126 /* WatchableListViewModel.swift in Sources */ = {isa = PBXBuildFile; fileRef = 40CB0A1A2A4E1AE100C54126 /* WatchableListViewModel.swift */; };
		40CB0A1D2A4E25D000C54126 /* BaseResponse.swift in Sources */ = {isa = PBXBuildFile; fileRef = 40CB0A1C2A4E25D000C54126 /* BaseResponse.swift */; };
		40CB0A202A4E266A00C54126 /* WatchableRepository.swift in Sources */ = {isa = PBXBuildFile; fileRef = 40CB0A1F2A4E266A00C54126 /* WatchableRepository.swift */; };
		40CB0A232A4E275100C54126 /* BaseRepository.swift in Sources */ = {isa = PBXBuildFile; fileRef = 40CB0A222A4E275100C54126 /* BaseRepository.swift */; };
		40CCEAA92A4DC2A300839C5F /* .swiftlint.yml in Resources */ = {isa = PBXBuildFile; fileRef = 40CCEAA82A4DC2A300839C5F /* .swiftlint.yml */; };
/* End PBXBuildFile section */

/* Begin PBXFileReference section */
		228FC386F9FF2879F8B62E80 /* Pods_MovieApplication.framework */ = {isa = PBXFileReference; explicitFileType = wrapper.framework; includeInIndex = 0; path = Pods_MovieApplication.framework; sourceTree = BUILT_PRODUCTS_DIR; };
		4024FD362A4DC84B0076559C /* swiftgen.yml */ = {isa = PBXFileReference; lastKnownFileType = text.yaml; path = swiftgen.yml; sourceTree = "<group>"; };
		4024FD3C2A4DCB5C0076559C /* ColorAssets.xcassets */ = {isa = PBXFileReference; lastKnownFileType = folder.assetcatalog; path = ColorAssets.xcassets; sourceTree = "<group>"; };
		4024FD3E2A4DCB6D0076559C /* ImageAssets.xcassets */ = {isa = PBXFileReference; lastKnownFileType = folder.assetcatalog; path = ImageAssets.xcassets; sourceTree = "<group>"; };
		4024FD402A4DCBA90076559C /* Localizable.strings */ = {isa = PBXFileReference; lastKnownFileType = text.plist.strings; path = Localizable.strings; sourceTree = "<group>"; };
		4024FD462A4DD0140076559C /* Strings.swift */ = {isa = PBXFileReference; fileEncoding = 4; lastKnownFileType = sourcecode.swift; path = Strings.swift; sourceTree = "<group>"; };
		4033609D2A4ECEA50027D509 /* WatchableItem.swift */ = {isa = PBXFileReference; lastKnownFileType = sourcecode.swift; path = WatchableItem.swift; sourceTree = "<group>"; };
		4033609F2A4EE7860027D509 /* Fonts.swift */ = {isa = PBXFileReference; fileEncoding = 4; lastKnownFileType = sourcecode.swift; path = Fonts.swift; sourceTree = "<group>"; };
		403360A12A4EE78F0027D509 /* Assets.swift */ = {isa = PBXFileReference; fileEncoding = 4; lastKnownFileType = sourcecode.swift; path = Assets.swift; sourceTree = "<group>"; };
		403360A42A4EE91E0027D509 /* ImageHandler.swift */ = {isa = PBXFileReference; lastKnownFileType = sourcecode.swift; path = ImageHandler.swift; sourceTree = "<group>"; };
		403360A62A4EED610027D509 /* ImageHandlerFailedPlaceholder.swift */ = {isa = PBXFileReference; lastKnownFileType = sourcecode.swift; path = ImageHandlerFailedPlaceholder.swift; sourceTree = "<group>"; };
		403360AB2A4EFCFC0027D509 /* Text+Extensions.swift */ = {isa = PBXFileReference; lastKnownFileType = sourcecode.swift; path = "Text+Extensions.swift"; sourceTree = "<group>"; };
		403360B72A4F01270027D509 /* Poppins-SemiBold.ttf */ = {isa = PBXFileReference; lastKnownFileType = file; path = "Poppins-SemiBold.ttf"; sourceTree = "<group>"; };
		403360B82A4F01270027D509 /* Poppins-Bold.ttf */ = {isa = PBXFileReference; lastKnownFileType = file; path = "Poppins-Bold.ttf"; sourceTree = "<group>"; };
		403360B92A4F01270027D509 /* Poppins-Regular.ttf */ = {isa = PBXFileReference; lastKnownFileType = file; path = "Poppins-Regular.ttf"; sourceTree = "<group>"; };
		403360BA2A4F01270027D509 /* Poppins-Light.ttf */ = {isa = PBXFileReference; lastKnownFileType = file; path = "Poppins-Light.ttf"; sourceTree = "<group>"; };
		403360BB2A4F01270027D509 /* Poppins-Medium.ttf */ = {isa = PBXFileReference; lastKnownFileType = file; path = "Poppins-Medium.ttf"; sourceTree = "<group>"; };
		403360C22A4F04680027D509 /* RatingView.swift */ = {isa = PBXFileReference; lastKnownFileType = sourcecode.swift; path = RatingView.swift; sourceTree = "<group>"; };
		403360C42A4F04EB0027D509 /* View+Extensions.swift */ = {isa = PBXFileReference; lastKnownFileType = sourcecode.swift; path = "View+Extensions.swift"; sourceTree = "<group>"; };
		403360C62A4F0A6D0027D509 /* Int+Extensions.swift */ = {isa = PBXFileReference; lastKnownFileType = sourcecode.swift; path = "Int+Extensions.swift"; sourceTree = "<group>"; };
		403360CA2A4F0D660027D509 /* WatchableDetailsScreen.swift */ = {isa = PBXFileReference; lastKnownFileType = sourcecode.swift; path = WatchableDetailsScreen.swift; sourceTree = "<group>"; };
		403360CC2A4F23C60027D509 /* GetSeriesResponse.swift */ = {isa = PBXFileReference; lastKnownFileType = sourcecode.swift; path = GetSeriesResponse.swift; sourceTree = "<group>"; };
		403360CE2A4F26B80027D509 /* SeriesService.swift */ = {isa = PBXFileReference; lastKnownFileType = sourcecode.swift; path = SeriesService.swift; sourceTree = "<group>"; };
		403360D82A4F36200027D509 /* WatchableType.swift */ = {isa = PBXFileReference; lastKnownFileType = sourcecode.swift; path = WatchableType.swift; sourceTree = "<group>"; };
		40545EF92A4E4C6600B74E15 /* Dev.xcconfig */ = {isa = PBXFileReference; lastKnownFileType = text.xcconfig; path = Dev.xcconfig; sourceTree = "<group>"; };
		40545EFB2A4EB75F00B74E15 /* Info.plist */ = {isa = PBXFileReference; lastKnownFileType = text.plist; path = Info.plist; sourceTree = "<group>"; };
		40545EFC2A4EB85600B74E15 /* Env.swift */ = {isa = PBXFileReference; lastKnownFileType = sourcecode.swift; path = Env.swift; sourceTree = "<group>"; };
		40545F012A4EC0D200B74E15 /* .env.dev */ = {isa = PBXFileReference; fileEncoding = 4; lastKnownFileType = text; path = .env.dev; sourceTree = "<group>"; };
		407159D22A4E06E900695F27 /* Watchable.swift */ = {isa = PBXFileReference; lastKnownFileType = sourcecode.swift; path = Watchable.swift; sourceTree = "<group>"; };
		40BA286E2A4DB99E0084103F /* MovieApplication.app */ = {isa = PBXFileReference; explicitFileType = wrapper.application; includeInIndex = 0; path = MovieApplication.app; sourceTree = BUILT_PRODUCTS_DIR; };
		40BA28712A4DB99E0084103F /* MovieApplicationApp.swift */ = {isa = PBXFileReference; lastKnownFileType = sourcecode.swift; path = MovieApplicationApp.swift; sourceTree = "<group>"; };
		40BA28732A4DB99E0084103F /* ContentView.swift */ = {isa = PBXFileReference; lastKnownFileType = sourcecode.swift; path = ContentView.swift; sourceTree = "<group>"; };
		40BA28752A4DB9A00084103F /* Assets.xcassets */ = {isa = PBXFileReference; lastKnownFileType = folder.assetcatalog; path = Assets.xcassets; sourceTree = "<group>"; };
		40BA28782A4DB9A00084103F /* Preview Assets.xcassets */ = {isa = PBXFileReference; lastKnownFileType = folder.assetcatalog; path = "Preview Assets.xcassets"; sourceTree = "<group>"; };
		40CB0A0C2A4E0F1000C54126 /* GetMovieResponse.swift */ = {isa = PBXFileReference; lastKnownFileType = sourcecode.swift; path = GetMovieResponse.swift; sourceTree = "<group>"; };
		40CB0A102A4E10F900C54126 /* DateTimeManager.swift */ = {isa = PBXFileReference; lastKnownFileType = sourcecode.swift; path = DateTimeManager.swift; sourceTree = "<group>"; };
		40CB0A122A4E12F200C54126 /* MovieService.swift */ = {isa = PBXFileReference; lastKnownFileType = sourcecode.swift; path = MovieService.swift; sourceTree = "<group>"; };
		40CB0A152A4E149F00C54126 /* BaseTargetType.swift */ = {isa = PBXFileReference; lastKnownFileType = sourcecode.swift; path = BaseTargetType.swift; sourceTree = "<group>"; };
		40CB0A182A4E19F200C54126 /* WatchableListScreen.swift */ = {isa = PBXFileReference; lastKnownFileType = sourcecode.swift; path = WatchableListScreen.swift; sourceTree = "<group>"; };
		40CB0A1A2A4E1AE100C54126 /* WatchableListViewModel.swift */ = {isa = PBXFileReference; lastKnownFileType = sourcecode.swift; path = WatchableListViewModel.swift; sourceTree = "<group>"; };
		40CB0A1C2A4E25D000C54126 /* BaseResponse.swift */ = {isa = PBXFileReference; lastKnownFileType = sourcecode.swift; path = BaseResponse.swift; sourceTree = "<group>"; };
		40CB0A1F2A4E266A00C54126 /* WatchableRepository.swift */ = {isa = PBXFileReference; lastKnownFileType = sourcecode.swift; path = WatchableRepository.swift; sourceTree = "<group>"; };
		40CB0A222A4E275100C54126 /* BaseRepository.swift */ = {isa = PBXFileReference; lastKnownFileType = sourcecode.swift; path = BaseRepository.swift; sourceTree = "<group>"; };
		40CCEAA82A4DC2A300839C5F /* .swiftlint.yml */ = {isa = PBXFileReference; lastKnownFileType = text.yaml; path = .swiftlint.yml; sourceTree = "<group>"; };
		8B8791589DE20EE2909BC48C /* Pods-MovieApplication.debug.xcconfig */ = {isa = PBXFileReference; includeInIndex = 1; lastKnownFileType = text.xcconfig; name = "Pods-MovieApplication.debug.xcconfig"; path = "Target Support Files/Pods-MovieApplication/Pods-MovieApplication.debug.xcconfig"; sourceTree = "<group>"; };
		8D96543D486BC92896219110 /* Pods-MovieApplication.release.xcconfig */ = {isa = PBXFileReference; includeInIndex = 1; lastKnownFileType = text.xcconfig; name = "Pods-MovieApplication.release.xcconfig"; path = "Target Support Files/Pods-MovieApplication/Pods-MovieApplication.release.xcconfig"; sourceTree = "<group>"; };
/* End PBXFileReference section */

/* Begin PBXFrameworksBuildPhase section */
		40BA286B2A4DB99E0084103F /* Frameworks */ = {
			isa = PBXFrameworksBuildPhase;
			buildActionMask = 2147483647;
			files = (
				30D181F1D49800FC756B82A0 /* Pods_MovieApplication.framework in Frameworks */,
			);
			runOnlyForDeploymentPostprocessing = 0;
		};
/* End PBXFrameworksBuildPhase section */

/* Begin PBXGroup section */
		0783C8FDFE403B483309ED8A /* Pods */ = {
			isa = PBXGroup;
			children = (
				8B8791589DE20EE2909BC48C /* Pods-MovieApplication.debug.xcconfig */,
				8D96543D486BC92896219110 /* Pods-MovieApplication.release.xcconfig */,
			);
			path = Pods;
			sourceTree = "<group>";
		};
		4024FD382A4DCA470076559C /* Resources */ = {
			isa = PBXGroup;
			children = (
				40BA28752A4DB9A00084103F /* Assets.xcassets */,
				40BA28772A4DB9A00084103F /* Preview Content */,
				4024FD392A4DCA880076559C /* Strings */,
				4024FD3A2A4DCA9D0076559C /* Fonts */,
				4024FD3B2A4DCB1A0076559C /* Assets */,
				4024FD422A4DCC010076559C /* Generated */,
			);
			path = Resources;
			sourceTree = "<group>";
		};
		4024FD392A4DCA880076559C /* Strings */ = {
			isa = PBXGroup;
			children = (
				4024FD402A4DCBA90076559C /* Localizable.strings */,
			);
			path = Strings;
			sourceTree = "<group>";
		};
		4024FD3A2A4DCA9D0076559C /* Fonts */ = {
			isa = PBXGroup;
			children = (
				403360BA2A4F01270027D509 /* Poppins-Light.ttf */,
				403360B92A4F01270027D509 /* Poppins-Regular.ttf */,
				403360BB2A4F01270027D509 /* Poppins-Medium.ttf */,
				403360B72A4F01270027D509 /* Poppins-SemiBold.ttf */,
				403360B82A4F01270027D509 /* Poppins-Bold.ttf */,
			);
			path = Fonts;
			sourceTree = "<group>";
		};
		4024FD3B2A4DCB1A0076559C /* Assets */ = {
			isa = PBXGroup;
			children = (
				4024FD3C2A4DCB5C0076559C /* ColorAssets.xcassets */,
				4024FD3E2A4DCB6D0076559C /* ImageAssets.xcassets */,
			);
			path = Assets;
			sourceTree = "<group>";
		};
		4024FD422A4DCC010076559C /* Generated */ = {
			isa = PBXGroup;
			children = (
				4024FD432A4DCC160076559C /* Strings */,
				4024FD442A4DCC1D0076559C /* Fonts */,
				4024FD452A4DCC270076559C /* Assets */,
			);
			path = Generated;
			sourceTree = "<group>";
		};
		4024FD432A4DCC160076559C /* Strings */ = {
			isa = PBXGroup;
			children = (
				4024FD462A4DD0140076559C /* Strings.swift */,
			);
			path = Strings;
			sourceTree = "<group>";
		};
		4024FD442A4DCC1D0076559C /* Fonts */ = {
			isa = PBXGroup;
			children = (
				4033609F2A4EE7860027D509 /* Fonts.swift */,
			);
			path = Fonts;
			sourceTree = "<group>";
		};
		4024FD452A4DCC270076559C /* Assets */ = {
			isa = PBXGroup;
			children = (
				403360A12A4EE78F0027D509 /* Assets.swift */,
			);
			path = Assets;
			sourceTree = "<group>";
		};
		403360A32A4EE8E80027D509 /* Reusable Views */ = {
			isa = PBXGroup;
			children = (
				403360A82A4EEDE90027D509 /* Image Handler */,
				403360C22A4F04680027D509 /* RatingView.swift */,
			);
			path = "Reusable Views";
			sourceTree = "<group>";
		};
		403360A82A4EEDE90027D509 /* Image Handler */ = {
			isa = PBXGroup;
			children = (
				403360A42A4EE91E0027D509 /* ImageHandler.swift */,
				403360A62A4EED610027D509 /* ImageHandlerFailedPlaceholder.swift */,
			);
			path = "Image Handler";
			sourceTree = "<group>";
		};
		403360A92A4EFCB70027D509 /* Managers */ = {
			isa = PBXGroup;
			children = (
				40545EFC2A4EB85600B74E15 /* Env.swift */,
				40CB0A102A4E10F900C54126 /* DateTimeManager.swift */,
			);
			path = Managers;
			sourceTree = "<group>";
		};
		403360AA2A4EFCC30027D509 /* Extensions */ = {
			isa = PBXGroup;
			children = (
				403360C62A4F0A6D0027D509 /* Int+Extensions.swift */,
				403360C42A4F04EB0027D509 /* View+Extensions.swift */,
				403360AB2A4EFCFC0027D509 /* Text+Extensions.swift */,
			);
			path = Extensions;
			sourceTree = "<group>";
		};
		403360C92A4F0D450027D509 /* Watchable Details Screen */ = {
			isa = PBXGroup;
			children = (
				403360CA2A4F0D660027D509 /* WatchableDetailsScreen.swift */,
			);
			path = "Watchable Details Screen";
			sourceTree = "<group>";
		};
		40545F032A4EC10200B74E15 /* Env */ = {
			isa = PBXGroup;
			children = (
				40545F012A4EC0D200B74E15 /* .env.dev */,
				40545EF92A4E4C6600B74E15 /* Dev.xcconfig */,
			);
			path = Env;
			sourceTree = "<group>";
		};
		407159C42A4DD22600695F27 /* Data */ = {
			isa = PBXGroup;
			children = (
				407159C62A4E001C00695F27 /* Network */,
				407159C82A4E039F00695F27 /* Local */,
				407159CD2A4E04C000695F27 /* Repositories */,
			);
			path = Data;
			sourceTree = "<group>";
		};
		407159C52A4DD22E00695F27 /* Presentation */ = {
			isa = PBXGroup;
			children = (
				403360A32A4EE8E80027D509 /* Reusable Views */,
				407159CF2A4E051A00695F27 /* Screens */,
				4024FD382A4DCA470076559C /* Resources */,
			);
			path = Presentation;
			sourceTree = "<group>";
		};
		407159C62A4E001C00695F27 /* Network */ = {
			isa = PBXGroup;
			children = (
				407159CA2A4E03BB00695F27 /* DTOs */,
				407159C92A4E03AC00695F27 /* Services */,
			);
			path = Network;
			sourceTree = "<group>";
		};
		407159C72A4E013900695F27 /* Domain */ = {
			isa = PBXGroup;
			children = (
				403360D82A4F36200027D509 /* WatchableType.swift */,
				407159D22A4E06E900695F27 /* Watchable.swift */,
			);
			path = Domain;
			sourceTree = "<group>";
		};
		407159C82A4E039F00695F27 /* Local */ = {
			isa = PBXGroup;
			children = (
				407159CB2A4E03C800695F27 /* DTOs */,
				407159CC2A4E040300695F27 /* Persistences */,
			);
			path = Local;
			sourceTree = "<group>";
		};
		407159C92A4E03AC00695F27 /* Services */ = {
			isa = PBXGroup;
			children = (
				40CB0A142A4E148D00C54126 /* Base */,
				40CB0A122A4E12F200C54126 /* MovieService.swift */,
				403360CE2A4F26B80027D509 /* SeriesService.swift */,
			);
			path = Services;
			sourceTree = "<group>";
		};
		407159CA2A4E03BB00695F27 /* DTOs */ = {
			isa = PBXGroup;
			children = (
				40CB0A1E2A4E25D600C54126 /* Base */,
				40CB0A0C2A4E0F1000C54126 /* GetMovieResponse.swift */,
				403360CC2A4F23C60027D509 /* GetSeriesResponse.swift */,
			);
			path = DTOs;
			sourceTree = "<group>";
		};
		407159CB2A4E03C800695F27 /* DTOs */ = {
			isa = PBXGroup;
			children = (
			);
			path = DTOs;
			sourceTree = "<group>";
		};
		407159CC2A4E040300695F27 /* Persistences */ = {
			isa = PBXGroup;
			children = (
			);
			path = Persistences;
			sourceTree = "<group>";
		};
		407159CD2A4E04C000695F27 /* Repositories */ = {
			isa = PBXGroup;
			children = (
				40CB0A212A4E273B00C54126 /* Base */,
				40CB0A1F2A4E266A00C54126 /* WatchableRepository.swift */,
			);
			path = Repositories;
			sourceTree = "<group>";
		};
		407159CF2A4E051A00695F27 /* Screens */ = {
			isa = PBXGroup;
			children = (
				407159D12A4E060D00695F27 /* Main */,
				40CB0A172A4E19CB00C54126 /* Watchable List Screen */,
				403360C92A4F0D450027D509 /* Watchable Details Screen */,
			);
			path = Screens;
			sourceTree = "<group>";
		};
		407159D12A4E060D00695F27 /* Main */ = {
			isa = PBXGroup;
			children = (
				40BA28732A4DB99E0084103F /* ContentView.swift */,
			);
			path = Main;
			sourceTree = "<group>";
		};
		40BA28652A4DB99E0084103F = {
			isa = PBXGroup;
			children = (
				4024FD362A4DC84B0076559C /* swiftgen.yml */,
				40CCEAA82A4DC2A300839C5F /* .swiftlint.yml */,
				40545F032A4EC10200B74E15 /* Env */,
				40BA28702A4DB99E0084103F /* MovieApplication */,
				40BA286F2A4DB99E0084103F /* Products */,
				0783C8FDFE403B483309ED8A /* Pods */,
				D9FA2FD5DD1E4D6996C7B1A2 /* Frameworks */,
			);
			sourceTree = "<group>";
		};
		40BA286F2A4DB99E0084103F /* Products */ = {
			isa = PBXGroup;
			children = (
				40BA286E2A4DB99E0084103F /* MovieApplication.app */,
			);
			name = Products;
			sourceTree = "<group>";
		};
		40BA28702A4DB99E0084103F /* MovieApplication */ = {
			isa = PBXGroup;
			children = (
				40545EFB2A4EB75F00B74E15 /* Info.plist */,
				40BA28712A4DB99E0084103F /* MovieApplicationApp.swift */,
				407159C42A4DD22600695F27 /* Data */,
				407159C72A4E013900695F27 /* Domain */,
				407159C52A4DD22E00695F27 /* Presentation */,
				40CB0A0F2A4E10B000C54126 /* Utils */,
			);
			path = MovieApplication;
			sourceTree = "<group>";
		};
		40BA28772A4DB9A00084103F /* Preview Content */ = {
			isa = PBXGroup;
			children = (
				40BA28782A4DB9A00084103F /* Preview Assets.xcassets */,
			);
			path = "Preview Content";
			sourceTree = "<group>";
		};
		40CB0A0F2A4E10B000C54126 /* Utils */ = {
			isa = PBXGroup;
			children = (
				403360A92A4EFCB70027D509 /* Managers */,
				403360AA2A4EFCC30027D509 /* Extensions */,
			);
			path = Utils;
			sourceTree = "<group>";
		};
		40CB0A142A4E148D00C54126 /* Base */ = {
			isa = PBXGroup;
			children = (
				40CB0A152A4E149F00C54126 /* BaseTargetType.swift */,
			);
			path = Base;
			sourceTree = "<group>";
		};
		40CB0A172A4E19CB00C54126 /* Watchable List Screen */ = {
			isa = PBXGroup;
			children = (
				40CB0A1A2A4E1AE100C54126 /* WatchableListViewModel.swift */,
				40CB0A182A4E19F200C54126 /* WatchableListScreen.swift */,
				4033609D2A4ECEA50027D509 /* WatchableItem.swift */,
			);
			path = "Watchable List Screen";
			sourceTree = "<group>";
		};
		40CB0A1E2A4E25D600C54126 /* Base */ = {
			isa = PBXGroup;
			children = (
				40CB0A1C2A4E25D000C54126 /* BaseResponse.swift */,
			);
			path = Base;
			sourceTree = "<group>";
		};
		40CB0A212A4E273B00C54126 /* Base */ = {
			isa = PBXGroup;
			children = (
				40CB0A222A4E275100C54126 /* BaseRepository.swift */,
			);
			path = Base;
			sourceTree = "<group>";
		};
		D9FA2FD5DD1E4D6996C7B1A2 /* Frameworks */ = {
			isa = PBXGroup;
			children = (
				228FC386F9FF2879F8B62E80 /* Pods_MovieApplication.framework */,
			);
			name = Frameworks;
			sourceTree = "<group>";
		};
/* End PBXGroup section */

/* Begin PBXNativeTarget section */
		40BA286D2A4DB99E0084103F /* MovieApplication */ = {
			isa = PBXNativeTarget;
			buildConfigurationList = 40BA287C2A4DB9A00084103F /* Build configuration list for PBXNativeTarget "MovieApplication" */;
			buildPhases = (
				33283D0D313BBE620C991F28 /* [CP] Check Pods Manifest.lock */,
				4024FD352A4DC7D30076559C /* Run SwiftGen */,
				40CCEAAA2A4DC2F600839C5F /* Run SwiftLint */,
				40BA286A2A4DB99E0084103F /* Sources */,
				40BA286B2A4DB99E0084103F /* Frameworks */,
				40BA286C2A4DB99E0084103F /* Resources */,
				125DF07FD14363E3B6AB56EA /* [CP] Embed Pods Frameworks */,
			);
			buildRules = (
			);
			dependencies = (
			);
			name = MovieApplication;
			productName = MovieApplication;
			productReference = 40BA286E2A4DB99E0084103F /* MovieApplication.app */;
			productType = "com.apple.product-type.application";
		};
/* End PBXNativeTarget section */

/* Begin PBXProject section */
		40BA28662A4DB99E0084103F /* Project object */ = {
			isa = PBXProject;
			attributes = {
				BuildIndependentTargetsInParallel = 1;
				LastSwiftUpdateCheck = 1430;
				LastUpgradeCheck = 1430;
				TargetAttributes = {
					40BA286D2A4DB99E0084103F = {
						CreatedOnToolsVersion = 14.3.1;
					};
				};
			};
			buildConfigurationList = 40BA28692A4DB99E0084103F /* Build configuration list for PBXProject "MovieApplication" */;
			compatibilityVersion = "Xcode 14.0";
			developmentRegion = en;
			hasScannedForEncodings = 0;
			knownRegions = (
				en,
				Base,
			);
			mainGroup = 40BA28652A4DB99E0084103F;
			productRefGroup = 40BA286F2A4DB99E0084103F /* Products */;
			projectDirPath = "";
			projectRoot = "";
			targets = (
				40BA286D2A4DB99E0084103F /* MovieApplication */,
			);
		};
/* End PBXProject section */

/* Begin PBXResourcesBuildPhase section */
		40BA286C2A4DB99E0084103F /* Resources */ = {
			isa = PBXResourcesBuildPhase;
			buildActionMask = 2147483647;
			files = (
				4024FD3D2A4DCB5D0076559C /* ColorAssets.xcassets in Resources */,
				40CCEAA92A4DC2A300839C5F /* .swiftlint.yml in Resources */,
				4024FD3F2A4DCB6D0076559C /* ImageAssets.xcassets in Resources */,
				403360C02A4F01270027D509 /* Poppins-Medium.ttf in Resources */,
				4024FD412A4DCBA90076559C /* Localizable.strings in Resources */,
				40545F022A4EC0D200B74E15 /* .env.dev in Resources */,
				40BA28792A4DB9A00084103F /* Preview Assets.xcassets in Resources */,
				403360BC2A4F01270027D509 /* Poppins-SemiBold.ttf in Resources */,
				403360BF2A4F01270027D509 /* Poppins-Light.ttf in Resources */,
				403360BD2A4F01270027D509 /* Poppins-Bold.ttf in Resources */,
				403360BE2A4F01270027D509 /* Poppins-Regular.ttf in Resources */,
				40BA28762A4DB9A00084103F /* Assets.xcassets in Resources */,
				4024FD372A4DC84B0076559C /* swiftgen.yml in Resources */,
			);
			runOnlyForDeploymentPostprocessing = 0;
		};
/* End PBXResourcesBuildPhase section */

/* Begin PBXShellScriptBuildPhase section */
		125DF07FD14363E3B6AB56EA /* [CP] Embed Pods Frameworks */ = {
			isa = PBXShellScriptBuildPhase;
			buildActionMask = 2147483647;
			files = (
			);
			inputFileListPaths = (
				"${PODS_ROOT}/Target Support Files/Pods-MovieApplication/Pods-MovieApplication-frameworks-${CONFIGURATION}-input-files.xcfilelist",
			);
			name = "[CP] Embed Pods Frameworks";
			outputFileListPaths = (
				"${PODS_ROOT}/Target Support Files/Pods-MovieApplication/Pods-MovieApplication-frameworks-${CONFIGURATION}-output-files.xcfilelist",
			);
			runOnlyForDeploymentPostprocessing = 0;
			shellPath = /bin/sh;
			shellScript = "\"${PODS_ROOT}/Target Support Files/Pods-MovieApplication/Pods-MovieApplication-frameworks.sh\"\n";
			showEnvVarsInLog = 0;
		};
		33283D0D313BBE620C991F28 /* [CP] Check Pods Manifest.lock */ = {
			isa = PBXShellScriptBuildPhase;
			buildActionMask = 2147483647;
			files = (
			);
			inputFileListPaths = (
			);
			inputPaths = (
				"${PODS_PODFILE_DIR_PATH}/Podfile.lock",
				"${PODS_ROOT}/Manifest.lock",
			);
			name = "[CP] Check Pods Manifest.lock";
			outputFileListPaths = (
			);
			outputPaths = (
				"$(DERIVED_FILE_DIR)/Pods-MovieApplication-checkManifestLockResult.txt",
			);
			runOnlyForDeploymentPostprocessing = 0;
			shellPath = /bin/sh;
			shellScript = "diff \"${PODS_PODFILE_DIR_PATH}/Podfile.lock\" \"${PODS_ROOT}/Manifest.lock\" > /dev/null\nif [ $? != 0 ] ; then\n    # print error to STDERR\n    echo \"error: The sandbox is not in sync with the Podfile.lock. Run 'pod install' or update your CocoaPods installation.\" >&2\n    exit 1\nfi\n# This output is used by Xcode 'outputs' to avoid re-running this script phase.\necho \"SUCCESS\" > \"${SCRIPT_OUTPUT_FILE_0}\"\n";
			showEnvVarsInLog = 0;
		};
		4024FD352A4DC7D30076559C /* Run SwiftGen */ = {
			isa = PBXShellScriptBuildPhase;
			alwaysOutOfDate = 1;
			buildActionMask = 2147483647;
			files = (
			);
			inputFileListPaths = (
			);
			inputPaths = (
			);
			name = "Run SwiftGen";
			outputFileListPaths = (
			);
			outputPaths = (
			);
			runOnlyForDeploymentPostprocessing = 0;
			shellPath = /bin/sh;
			shellScript = "if [[ -f \"${PODS_ROOT}/SwiftGen/bin/swiftgen\" ]]; then\n  \"${PODS_ROOT}/SwiftGen/bin/swiftgen\"\nelse\n  echo \"warning: SwiftGen is not installed. Run 'pod install --repo-update' to install it.\"\nfi\n";
		};
		40CCEAAA2A4DC2F600839C5F /* Run SwiftLint */ = {
			isa = PBXShellScriptBuildPhase;
			alwaysOutOfDate = 1;
			buildActionMask = 2147483647;
			files = (
			);
			inputFileListPaths = (
			);
			inputPaths = (
			);
			name = "Run SwiftLint";
			outputFileListPaths = (
			);
			outputPaths = (
			);
			runOnlyForDeploymentPostprocessing = 0;
			shellPath = /bin/sh;
			shellScript = "${PODS_ROOT}/SwiftLint/swiftlint\n";
		};
/* End PBXShellScriptBuildPhase section */

/* Begin PBXSourcesBuildPhase section */
		40BA286A2A4DB99E0084103F /* Sources */ = {
			isa = PBXSourcesBuildPhase;
			buildActionMask = 2147483647;
			files = (
				403360A02A4EE7860027D509 /* Fonts.swift in Sources */,
				40BA28742A4DB99E0084103F /* ContentView.swift in Sources */,
				403360C52A4F04EB0027D509 /* View+Extensions.swift in Sources */,
				4024FD472A4DD0140076559C /* Strings.swift in Sources */,
				403360A52A4EE91E0027D509 /* ImageHandler.swift in Sources */,
				403360AC2A4EFCFC0027D509 /* Text+Extensions.swift in Sources */,
				40CB0A0D2A4E0F1000C54126 /* GetMovieResponse.swift in Sources */,
				403360CD2A4F23C60027D509 /* GetSeriesResponse.swift in Sources */,
				403360C32A4F04680027D509 /* RatingView.swift in Sources */,
				4033609E2A4ECEA50027D509 /* WatchableItem.swift in Sources */,
				40CB0A162A4E149F00C54126 /* BaseTargetType.swift in Sources */,
				403360A22A4EE78F0027D509 /* Assets.swift in Sources */,
				407159D32A4E06E900695F27 /* Watchable.swift in Sources */,
				403360A72A4EED610027D509 /* ImageHandlerFailedPlaceholder.swift in Sources */,
				403360CF2A4F26B80027D509 /* SeriesService.swift in Sources */,
				40CB0A112A4E10F900C54126 /* DateTimeManager.swift in Sources */,
				40BA28722A4DB99E0084103F /* MovieApplicationApp.swift in Sources */,
				403360C72A4F0A6D0027D509 /* Int+Extensions.swift in Sources */,
				403360D92A4F36200027D509 /* WatchableType.swift in Sources */,
				40CB0A132A4E12F200C54126 /* MovieService.swift in Sources */,
				403360CB2A4F0D660027D509 /* WatchableDetailsScreen.swift in Sources */,
				40CB0A202A4E266A00C54126 /* WatchableRepository.swift in Sources */,
				40CB0A192A4E19F200C54126 /* WatchableListScreen.swift in Sources */,
				40CB0A1D2A4E25D000C54126 /* BaseResponse.swift in Sources */,
				40CB0A232A4E275100C54126 /* BaseRepository.swift in Sources */,
				40CB0A1B2A4E1AE100C54126 /* WatchableListViewModel.swift in Sources */,
				40545EFD2A4EB85600B74E15 /* Env.swift in Sources */,
			);
			runOnlyForDeploymentPostprocessing = 0;
		};
/* End PBXSourcesBuildPhase section */

/* Begin XCBuildConfiguration section */
		40BA287A2A4DB9A00084103F /* Debug */ = {
			isa = XCBuildConfiguration;
			baseConfigurationReference = 40545EF92A4E4C6600B74E15 /* Dev.xcconfig */;
			buildSettings = {
				ALWAYS_SEARCH_USER_PATHS = NO;
				CLANG_ANALYZER_NONNULL = YES;
				CLANG_ANALYZER_NUMBER_OBJECT_CONVERSION = YES_AGGRESSIVE;
				CLANG_CXX_LANGUAGE_STANDARD = "gnu++20";
				CLANG_ENABLE_MODULES = YES;
				CLANG_ENABLE_OBJC_ARC = YES;
				CLANG_ENABLE_OBJC_WEAK = YES;
				CLANG_WARN_BLOCK_CAPTURE_AUTORELEASING = YES;
				CLANG_WARN_BOOL_CONVERSION = YES;
				CLANG_WARN_COMMA = YES;
				CLANG_WARN_CONSTANT_CONVERSION = YES;
				CLANG_WARN_DEPRECATED_OBJC_IMPLEMENTATIONS = YES;
				CLANG_WARN_DIRECT_OBJC_ISA_USAGE = YES_ERROR;
				CLANG_WARN_DOCUMENTATION_COMMENTS = YES;
				CLANG_WARN_EMPTY_BODY = YES;
				CLANG_WARN_ENUM_CONVERSION = YES;
				CLANG_WARN_INFINITE_RECURSION = YES;
				CLANG_WARN_INT_CONVERSION = YES;
				CLANG_WARN_NON_LITERAL_NULL_CONVERSION = YES;
				CLANG_WARN_OBJC_IMPLICIT_RETAIN_SELF = YES;
				CLANG_WARN_OBJC_LITERAL_CONVERSION = YES;
				CLANG_WARN_OBJC_ROOT_CLASS = YES_ERROR;
				CLANG_WARN_QUOTED_INCLUDE_IN_FRAMEWORK_HEADER = YES;
				CLANG_WARN_RANGE_LOOP_ANALYSIS = YES;
				CLANG_WARN_STRICT_PROTOTYPES = YES;
				CLANG_WARN_SUSPICIOUS_MOVE = YES;
				CLANG_WARN_UNGUARDED_AVAILABILITY = YES_AGGRESSIVE;
				CLANG_WARN_UNREACHABLE_CODE = YES;
				CLANG_WARN__DUPLICATE_METHOD_MATCH = YES;
				COPY_PHASE_STRIP = NO;
				DEBUG_INFORMATION_FORMAT = dwarf;
				ENABLE_STRICT_OBJC_MSGSEND = YES;
				ENABLE_TESTABILITY = YES;
				GCC_C_LANGUAGE_STANDARD = gnu11;
				GCC_DYNAMIC_NO_PIC = NO;
				GCC_NO_COMMON_BLOCKS = YES;
				GCC_OPTIMIZATION_LEVEL = 0;
				GCC_PREPROCESSOR_DEFINITIONS = (
					"DEBUG=1",
					"$(inherited)",
				);
				GCC_WARN_64_TO_32_BIT_CONVERSION = YES;
				GCC_WARN_ABOUT_RETURN_TYPE = YES_ERROR;
				GCC_WARN_UNDECLARED_SELECTOR = YES;
				GCC_WARN_UNINITIALIZED_AUTOS = YES_AGGRESSIVE;
				GCC_WARN_UNUSED_FUNCTION = YES;
				GCC_WARN_UNUSED_VARIABLE = YES;
				IPHONEOS_DEPLOYMENT_TARGET = 16.4;
				MTL_ENABLE_DEBUG_INFO = INCLUDE_SOURCE;
				MTL_FAST_MATH = YES;
				ONLY_ACTIVE_ARCH = YES;
				SDKROOT = iphoneos;
				SWIFT_ACTIVE_COMPILATION_CONDITIONS = DEBUG;
				SWIFT_OPTIMIZATION_LEVEL = "-Onone";
			};
			name = Debug;
		};
		40BA287B2A4DB9A00084103F /* Release */ = {
			isa = XCBuildConfiguration;
			baseConfigurationReference = 40545EF92A4E4C6600B74E15 /* Dev.xcconfig */;
			buildSettings = {
				ALWAYS_SEARCH_USER_PATHS = NO;
				CLANG_ANALYZER_NONNULL = YES;
				CLANG_ANALYZER_NUMBER_OBJECT_CONVERSION = YES_AGGRESSIVE;
				CLANG_CXX_LANGUAGE_STANDARD = "gnu++20";
				CLANG_ENABLE_MODULES = YES;
				CLANG_ENABLE_OBJC_ARC = YES;
				CLANG_ENABLE_OBJC_WEAK = YES;
				CLANG_WARN_BLOCK_CAPTURE_AUTORELEASING = YES;
				CLANG_WARN_BOOL_CONVERSION = YES;
				CLANG_WARN_COMMA = YES;
				CLANG_WARN_CONSTANT_CONVERSION = YES;
				CLANG_WARN_DEPRECATED_OBJC_IMPLEMENTATIONS = YES;
				CLANG_WARN_DIRECT_OBJC_ISA_USAGE = YES_ERROR;
				CLANG_WARN_DOCUMENTATION_COMMENTS = YES;
				CLANG_WARN_EMPTY_BODY = YES;
				CLANG_WARN_ENUM_CONVERSION = YES;
				CLANG_WARN_INFINITE_RECURSION = YES;
				CLANG_WARN_INT_CONVERSION = YES;
				CLANG_WARN_NON_LITERAL_NULL_CONVERSION = YES;
				CLANG_WARN_OBJC_IMPLICIT_RETAIN_SELF = YES;
				CLANG_WARN_OBJC_LITERAL_CONVERSION = YES;
				CLANG_WARN_OBJC_ROOT_CLASS = YES_ERROR;
				CLANG_WARN_QUOTED_INCLUDE_IN_FRAMEWORK_HEADER = YES;
				CLANG_WARN_RANGE_LOOP_ANALYSIS = YES;
				CLANG_WARN_STRICT_PROTOTYPES = YES;
				CLANG_WARN_SUSPICIOUS_MOVE = YES;
				CLANG_WARN_UNGUARDED_AVAILABILITY = YES_AGGRESSIVE;
				CLANG_WARN_UNREACHABLE_CODE = YES;
				CLANG_WARN__DUPLICATE_METHOD_MATCH = YES;
				COPY_PHASE_STRIP = NO;
				DEBUG_INFORMATION_FORMAT = "dwarf-with-dsym";
				ENABLE_NS_ASSERTIONS = NO;
				ENABLE_STRICT_OBJC_MSGSEND = YES;
				GCC_C_LANGUAGE_STANDARD = gnu11;
				GCC_NO_COMMON_BLOCKS = YES;
				GCC_WARN_64_TO_32_BIT_CONVERSION = YES;
				GCC_WARN_ABOUT_RETURN_TYPE = YES_ERROR;
				GCC_WARN_UNDECLARED_SELECTOR = YES;
				GCC_WARN_UNINITIALIZED_AUTOS = YES_AGGRESSIVE;
				GCC_WARN_UNUSED_FUNCTION = YES;
				GCC_WARN_UNUSED_VARIABLE = YES;
				IPHONEOS_DEPLOYMENT_TARGET = 16.4;
				MTL_ENABLE_DEBUG_INFO = NO;
				MTL_FAST_MATH = YES;
				SDKROOT = iphoneos;
				SWIFT_COMPILATION_MODE = wholemodule;
				SWIFT_OPTIMIZATION_LEVEL = "-O";
				VALIDATE_PRODUCT = YES;
			};
			name = Release;
		};
		40BA287D2A4DB9A00084103F /* Debug */ = {
			isa = XCBuildConfiguration;
			baseConfigurationReference = 8B8791589DE20EE2909BC48C /* Pods-MovieApplication.debug.xcconfig */;
			buildSettings = {
				ASSETCATALOG_COMPILER_APPICON_NAME = AppIcon;
				ASSETCATALOG_COMPILER_GLOBAL_ACCENT_COLOR_NAME = AccentColor;
				CODE_SIGN_IDENTITY = "Apple Development";
				CODE_SIGN_STYLE = Automatic;
				CURRENT_PROJECT_VERSION = 1;
				DEVELOPMENT_ASSET_PATHS = "\"MovieApplication/Presentation/Resources/Preview Content\"";
				DEVELOPMENT_TEAM = ZB4WP9Z9N6;
				ENABLE_PREVIEWS = YES;
				GENERATE_INFOPLIST_FILE = YES;
				INFOPLIST_FILE = MovieApplication/Info.plist;
				INFOPLIST_KEY_UIApplicationSceneManifest_Generation = YES;
				INFOPLIST_KEY_UIApplicationSupportsIndirectInputEvents = YES;
				INFOPLIST_KEY_UILaunchScreen_Generation = YES;
				INFOPLIST_KEY_UISupportedInterfaceOrientations_iPad = "UIInterfaceOrientationPortrait UIInterfaceOrientationPortraitUpsideDown UIInterfaceOrientationLandscapeLeft UIInterfaceOrientationLandscapeRight";
				INFOPLIST_KEY_UISupportedInterfaceOrientations_iPhone = "UIInterfaceOrientationPortrait UIInterfaceOrientationLandscapeLeft UIInterfaceOrientationLandscapeRight";
				IPHONEOS_DEPLOYMENT_TARGET = 16.4;
				LD_RUNPATH_SEARCH_PATHS = (
					"$(inherited)",
					"@executable_path/Frameworks",
				);
				MARKETING_VERSION = 1.0;
				PRODUCT_BUNDLE_IDENTIFIER = com.jeoffersondelapena.MovieApplication;
				PRODUCT_NAME = "$(TARGET_NAME)";
				PROVISIONING_PROFILE_SPECIFIER = "";
				SWIFT_EMIT_LOC_STRINGS = YES;
				SWIFT_VERSION = 5.0;
				TARGETED_DEVICE_FAMILY = "1,2";
			};
			name = Debug;
		};
		40BA287E2A4DB9A00084103F /* Release */ = {
			isa = XCBuildConfiguration;
			baseConfigurationReference = 8D96543D486BC92896219110 /* Pods-MovieApplication.release.xcconfig */;
			buildSettings = {
				ASSETCATALOG_COMPILER_APPICON_NAME = AppIcon;
				ASSETCATALOG_COMPILER_GLOBAL_ACCENT_COLOR_NAME = AccentColor;
				CODE_SIGN_IDENTITY = "Apple Development";
				CODE_SIGN_STYLE = Automatic;
				CURRENT_PROJECT_VERSION = 1;
				DEVELOPMENT_ASSET_PATHS = "\"MovieApplication/Presentation/Resources/Preview Content\"";
				DEVELOPMENT_TEAM = ZB4WP9Z9N6;
				ENABLE_PREVIEWS = YES;
				GENERATE_INFOPLIST_FILE = YES;
				INFOPLIST_FILE = MovieApplication/Info.plist;
				INFOPLIST_KEY_UIApplicationSceneManifest_Generation = YES;
				INFOPLIST_KEY_UIApplicationSupportsIndirectInputEvents = YES;
				INFOPLIST_KEY_UILaunchScreen_Generation = YES;
				INFOPLIST_KEY_UISupportedInterfaceOrientations_iPad = "UIInterfaceOrientationPortrait UIInterfaceOrientationPortraitUpsideDown UIInterfaceOrientationLandscapeLeft UIInterfaceOrientationLandscapeRight";
				INFOPLIST_KEY_UISupportedInterfaceOrientations_iPhone = "UIInterfaceOrientationPortrait UIInterfaceOrientationLandscapeLeft UIInterfaceOrientationLandscapeRight";
				IPHONEOS_DEPLOYMENT_TARGET = 16.4;
				LD_RUNPATH_SEARCH_PATHS = (
					"$(inherited)",
					"@executable_path/Frameworks",
				);
				MARKETING_VERSION = 1.0;
				PRODUCT_BUNDLE_IDENTIFIER = com.jeoffersondelapena.MovieApplication;
				PRODUCT_NAME = "$(TARGET_NAME)";
				PROVISIONING_PROFILE_SPECIFIER = "";
				SWIFT_EMIT_LOC_STRINGS = YES;
				SWIFT_VERSION = 5.0;
				TARGETED_DEVICE_FAMILY = "1,2";
			};
			name = Release;
		};
/* End XCBuildConfiguration section */

/* Begin XCConfigurationList section */
		40BA28692A4DB99E0084103F /* Build configuration list for PBXProject "MovieApplication" */ = {
			isa = XCConfigurationList;
			buildConfigurations = (
				40BA287A2A4DB9A00084103F /* Debug */,
				40BA287B2A4DB9A00084103F /* Release */,
			);
			defaultConfigurationIsVisible = 0;
			defaultConfigurationName = Release;
		};
		40BA287C2A4DB9A00084103F /* Build configuration list for PBXNativeTarget "MovieApplication" */ = {
			isa = XCConfigurationList;
			buildConfigurations = (
				40BA287D2A4DB9A00084103F /* Debug */,
				40BA287E2A4DB9A00084103F /* Release */,
			);
			defaultConfigurationIsVisible = 0;
			defaultConfigurationName = Release;
		};
/* End XCConfigurationList section */
	};
	rootObject = 40BA28662A4DB99E0084103F /* Project object */;
}
